// !$*UTF8*$!
{
	archiveVersion = 1;
	classes = {
	};
	objectVersion = 46;
	objects = {

/* Begin PBXFileReference section */
		B61CE12B18E5302500FBFE32 /* SearchBase.java */ = {isa = PBXFileReference; lastKnownFileType = sourcecode.java; path = SearchBase.java; sourceTree = "<group>"; };
		B61CE12C18E5302500FBFE32 /* State.java */ = {isa = PBXFileReference; lastKnownFileType = sourcecode.java; path = State.java; sourceTree = "<group>"; };
		B61CE12D18E5302500FBFE32 /* testworld.txt */ = {isa = PBXFileReference; lastKnownFileType = text; path = testworld.txt; sourceTree = "<group>"; };
		B61CE12E18E53AB200FBFE32 /* VCRoom.java */ = {isa = PBXFileReference; lastKnownFileType = sourcecode.java; path = VCRoom.java; sourceTree = "<group>"; };
		B61CE12F18E8907100FBFE32 /* twodirt.txt */ = {isa = PBXFileReference; lastKnownFileType = text; path = twodirt.txt; sourceTree = "<group>"; };
		B61CE13018E8B1FB00FBFE32 /* Heuristics_Tried.txt */ = {isa = PBXFileReference; lastKnownFileType = text; path = Heuristics_Tried.txt; sourceTree = "<group>"; };
/* End PBXFileReference section */

/* Begin PBXGroup section */
		B61CE12218E528B400FBFE32 = {
			isa = PBXGroup;
			children = (
				B61CE12E18E53AB200FBFE32 /* VCRoom.java */,
				B61CE13018E8B1FB00FBFE32 /* Heuristics_Tried.txt */,
				B61CE12B18E5302500FBFE32 /* SearchBase.java */,
				B61CE12F18E8907100FBFE32 /* twodirt.txt */,
				B61CE12C18E5302500FBFE32 /* State.java */,
				B61CE12D18E5302500FBFE32 /* testworld.txt */,
			);
			sourceTree = "<group>";
		};
/* End PBXGroup section */

/* Begin PBXProject section */
		B61CE12318E528B400FBFE32 /* Project object */ = {
			isa = PBXProject;
			attributes = {
				LastUpgradeCheck = 0510;
			};
			buildConfigurationList = B61CE12618E528B400FBFE32 /* Build configuration list for PBXProject "VCWorld" */;
			compatibilityVersion = "Xcode 3.2";
			developmentRegion = English;
			hasScannedForEncodings = 0;
			knownRegions = (
				en,
			);
			mainGroup = B61CE12218E528B400FBFE32;
			projectDirPath = "";
			projectRoot = "";
			targets = (
			);
		};
/* End PBXProject section */

/* Begin XCBuildConfiguration section */
		B61CE12718E528B400FBFE32 /* Debug */ = {
			isa = XCBuildConfiguration;
			buildSettings = {
			};
			name = Debug;
		};
		B61CE12818E528B400FBFE32 /* Release */ = {
			isa = XCBuildConfiguration;
			buildSettings = {
			};
			name = Release;
		};
		B61CE12A18E5297C00FBFE32 /* VacuumBuild */ = {
			isa = XCBuildConfiguration;
			buildSettings = {
			};
			name = VacuumBuild;
		};
/* End XCBuildConfiguration section */

/* Begin XCConfigurationList section */
		B61CE12618E528B400FBFE32 /* Build configuration list for PBXProject "VCWorld" */ = {
			isa = XCConfigurationList;
			buildConfigurations = (
				B61CE12718E528B400FBFE32 /* Debug */,
				B61CE12818E528B400FBFE32 /* Release */,
				B61CE12A18E5297C00FBFE32 /* VacuumBuild */,
			);
			defaultConfigurationIsVisible = 0;
			defaultConfigurationName = Release;
		};
/* End XCConfigurationList section */
	};
	rootObject = B61CE12318E528B400FBFE32 /* Project object */;
}
